
Microsoft Visual Studio Solution File, Format Version 12.00
Project("{2150E333-8FDC-42A3-9474-1A3956D46DE8}") = "src", "src", "{C0206C65-D078-4CB6-919A-67660FEA40B6}"
EndProject
Project("{FAE04EC0-301F-11D3-BF4B-00C04F79EFBC}") = "CangguEvents.TelegramBot.Application", "src\CangguEvents.TelegramBot.Application\CangguEvents.TelegramBot.Application.csproj", "{DC897794-2575-41AD-AD65-4273B347814E}"
EndProject
Project("{FAE04EC0-301F-11D3-BF4B-00C04F79EFBC}") = "CangguEvents.TelegramBot.Webhook", "src\CangguEvents.TelegramBot.Webhook\CangguEvents.TelegramBot.Webhook.csproj", "{E321AC2D-EFF4-4430-99BA-467B2A8E0D63}"
EndProject
Global
	GlobalSection(SolutionConfigurationPlatforms) = preSolution
		Debug|Any CPU = Debug|Any CPU
		Release|Any CPU = Release|Any CPU
	EndGlobalSection
	GlobalSection(ProjectConfigurationPlatforms) = postSolution
		{DC897794-2575-41AD-AD65-4273B347814E}.Debug|Any CPU.ActiveCfg = Debug|Any CPU
		{DC897794-2575-41AD-AD65-4273B347814E}.Debug|Any CPU.Build.0 = Debug|Any CPU
		{DC897794-2575-41AD-AD65-4273B347814E}.Release|Any CPU.ActiveCfg = Release|Any CPU
		{DC897794-2575-41AD-AD65-4273B347814E}.Release|Any CPU.Build.0 = Release|Any CPU
		{E321AC2D-EFF4-4430-99BA-467B2A8E0D63}.Debug|Any CPU.ActiveCfg = Debug|Any CPU
		{E321AC2D-EFF4-4430-99BA-467B2A8E0D63}.Debug|Any CPU.Build.0 = Debug|Any CPU
		{E321AC2D-EFF4-4430-99BA-467B2A8E0D63}.Release|Any CPU.ActiveCfg = Release|Any CPU
		{E321AC2D-EFF4-4430-99BA-467B2A8E0D63}.Release|Any CPU.Build.0 = Release|Any CPU
	EndGlobalSection
	GlobalSection(NestedProjects) = preSolution
		{DC897794-2575-41AD-AD65-4273B347814E} = {C0206C65-D078-4CB6-919A-67660FEA40B6}
		{E321AC2D-EFF4-4430-99BA-467B2A8E0D63} = {C0206C65-D078-4CB6-919A-67660FEA40B6}
	EndGlobalSection
EndGlobal
